// !$*UTF8*$!
{
	archiveVersion = 1;
	classes = {
	};
	objectVersion = 56;
	objects = {

/* Begin PBXBuildFile section */
		7548E9CF2BD0F7A60019843A /* MyFirstAppApp.swift in Sources */ = {isa = PBXBuildFile; fileRef = 7548E9CE2BD0F7A60019843A /* MyFirstAppApp.swift */; };
		7548E9D12BD0F7A60019843A /* ContentView.swift in Sources */ = {isa = PBXBuildFile; fileRef = 7548E9D02BD0F7A60019843A /* ContentView.swift */; };
		7548E9D32BD0F7A80019843A /* Assets.xcassets in Resources */ = {isa = PBXBuildFile; fileRef = 7548E9D22BD0F7A80019843A /* Assets.xcassets */; };
		7548E9D62BD0F7A80019843A /* Preview Assets.xcassets in Resources */ = {isa = PBXBuildFile; fileRef = 7548E9D52BD0F7A80019843A /* Preview Assets.xcassets */; };
		7548E9E02BD0F7A80019843A /* MyFirstAppTests.swift in Sources */ = {isa = PBXBuildFile; fileRef = 7548E9DF2BD0F7A80019843A /* MyFirstAppTests.swift */; };
		7548E9EA2BD0F7A80019843A /* MyFirstAppUITests.swift in Sources */ = {isa = PBXBuildFile; fileRef = 7548E9E92BD0F7A80019843A /* MyFirstAppUITests.swift */; };
		7548E9EC2BD0F7A80019843A /* MyFirstAppUITestsLaunchTests.swift in Sources */ = {isa = PBXBuildFile; fileRef = 7548E9EB2BD0F7A80019843A /* MyFirstAppUITestsLaunchTests.swift */; };
/* End PBXBuildFile section */

/* Begin PBXContainerItemProxy section */
		7548E9DC2BD0F7A80019843A /* PBXContainerItemProxy */ = {
			isa = PBXContainerItemProxy;
			containerPortal = 7548E9C32BD0F7A60019843A /* Project object */;
			proxyType = 1;
			remoteGlobalIDString = 7548E9CA2BD0F7A60019843A;
			remoteInfo = MyFirstApp;
		};
		7548E9E62BD0F7A80019843A /* PBXContainerItemProxy */ = {
			isa = PBXContainerItemProxy;
			containerPortal = 7548E9C32BD0F7A60019843A /* Project object */;
			proxyType = 1;
			remoteGlobalIDString = 7548E9CA2BD0F7A60019843A;
			remoteInfo = MyFirstApp;
		};
/* End PBXContainerItemProxy section */

/* Begin PBXFileReference section */
		7548E9CB2BD0F7A60019843A /* MyFirstApp.app */ = {isa = PBXFileReference; explicitFileType = wrapper.application; includeInIndex = 0; path = MyFirstApp.app; sourceTree = BUILT_PRODUCTS_DIR; };
		7548E9CE2BD0F7A60019843A /* MyFirstAppApp.swift */ = {isa = PBXFileReference; lastKnownFileType = sourcecode.swift; path = MyFirstAppApp.swift; sourceTree = "<group>"; };
		7548E9D02BD0F7A60019843A /* ContentView.swift */ = {isa = PBXFileReference; lastKnownFileType = sourcecode.swift; path = ContentView.swift; sourceTree = "<group>"; };
		7548E9D22BD0F7A80019843A /* Assets.xcassets */ = {isa = PBXFileReference; lastKnownFileType = folder.assetcatalog; path = Assets.xcassets; sourceTree = "<group>"; };
		7548E9D52BD0F7A80019843A /* Preview Assets.xcassets */ = {isa = PBXFileReference; lastKnownFileType = folder.assetcatalog; path = "Preview Assets.xcassets"; sourceTree = "<group>"; };
		7548E9DB2BD0F7A80019843A /* MyFirstAppTests.xctest */ = {isa = PBXFileReference; explicitFileType = wrapper.cfbundle; includeInIndex = 0; path = MyFirstAppTests.xctest; sourceTree = BUILT_PRODUCTS_DIR; };
		7548E9DF2BD0F7A80019843A /* MyFirstAppTests.swift */ = {isa = PBXFileReference; lastKnownFileType = sourcecode.swift; path = MyFirstAppTests.swift; sourceTree = "<group>"; };
		7548E9E52BD0F7A80019843A /* MyFirstAppUITests.xctest */ = {isa = PBXFileReference; explicitFileType = wrapper.cfbundle; includeInIndex = 0; path = MyFirstAppUITests.xctest; sourceTree = BUILT_PRODUCTS_DIR; };
		7548E9E92BD0F7A80019843A /* MyFirstAppUITests.swift */ = {isa = PBXFileReference; lastKnownFileType = sourcecode.swift; path = MyFirstAppUITests.swift; sourceTree = "<group>"; };
		7548E9EB2BD0F7A80019843A /* MyFirstAppUITestsLaunchTests.swift */ = {isa = PBXFileReference; lastKnownFileType = sourcecode.swift; path = MyFirstAppUITestsLaunchTests.swift; sourceTree = "<group>"; };
/* End PBXFileReference section */

/* Begin PBXFrameworksBuildPhase section */
		7548E9C82BD0F7A60019843A /* Frameworks */ = {
			isa = PBXFrameworksBuildPhase;
			buildActionMask = 2147483647;
			files = (
			);
			runOnlyForDeploymentPostprocessing = 0;
		};
		7548E9D82BD0F7A80019843A /* Frameworks */ = {
			isa = PBXFrameworksBuildPhase;
			buildActionMask = 2147483647;
			files = (
			);
			runOnlyForDeploymentPostprocessing = 0;
		};
		7548E9E22BD0F7A80019843A /* Frameworks */ = {
			isa = PBXFrameworksBuildPhase;
			buildActionMask = 2147483647;
			files = (
			);
			runOnlyForDeploymentPostprocessing = 0;
		};
/* End PBXFrameworksBuildPhase section */

/* Begin PBXGroup section */
		7548E9C22BD0F7A60019843A = {
			isa = PBXGroup;
			children = (
				7548E9CD2BD0F7A60019843A /* MyFirstApp */,
				7548E9DE2BD0F7A80019843A /* MyFirstAppTests */,
				7548E9E82BD0F7A80019843A /* MyFirstAppUITests */,
				7548E9CC2BD0F7A60019843A /* Products */,
			);
			sourceTree = "<group>";
		};
		7548E9CC2BD0F7A60019843A /* Products */ = {
			isa = PBXGroup;
			children = (
				7548E9CB2BD0F7A60019843A /* MyFirstApp.app */,
				7548E9DB2BD0F7A80019843A /* MyFirstAppTests.xctest */,
				7548E9E52BD0F7A80019843A /* MyFirstAppUITests.xctest */,
			);
			name = Products;
			sourceTree = "<group>";
		};
		7548E9CD2BD0F7A60019843A /* MyFirstApp */ = {
			isa = PBXGroup;
			children = (
				7548E9CE2BD0F7A60019843A /* MyFirstAppApp.swift */,
				7548E9D02BD0F7A60019843A /* ContentView.swift */,
				7548E9D22BD0F7A80019843A /* Assets.xcassets */,
				7548E9D42BD0F7A80019843A /* Preview Content */,
			);
			path = MyFirstApp;
			sourceTree = "<group>";
		};
		7548E9D42BD0F7A80019843A /* Preview Content */ = {
			isa = PBXGroup;
			children = (
				7548E9D52BD0F7A80019843A /* Preview Assets.xcassets */,
			);
			path = "Preview Content";
			sourceTree = "<group>";
		};
		7548E9DE2BD0F7A80019843A /* MyFirstAppTests */ = {
			isa = PBXGroup;
			children = (
				7548E9DF2BD0F7A80019843A /* MyFirstAppTests.swift */,
			);
			path = MyFirstAppTests;
			sourceTree = "<group>";
		};
		7548E9E82BD0F7A80019843A /* MyFirstAppUITests */ = {
			isa = PBXGroup;
			children = (
				7548E9E92BD0F7A80019843A /* MyFirstAppUITests.swift */,
				7548E9EB2BD0F7A80019843A /* MyFirstAppUITestsLaunchTests.swift */,
			);
			path = MyFirstAppUITests;
			sourceTree = "<group>";
		};
/* End PBXGroup section */

/* Begin PBXNativeTarget section */
		7548E9CA2BD0F7A60019843A /* MyFirstApp */ = {
			isa = PBXNativeTarget;
			buildConfigurationList = 7548E9EF2BD0F7A80019843A /* Build configuration list for PBXNativeTarget "MyFirstApp" */;
			buildPhases = (
				7548E9C72BD0F7A60019843A /* Sources */,
				7548E9C82BD0F7A60019843A /* Frameworks */,
				7548E9C92BD0F7A60019843A /* Resources */,
			);
			buildRules = (
			);
			dependencies = (
			);
			name = MyFirstApp;
			productName = MyFirstApp;
			productReference = 7548E9CB2BD0F7A60019843A /* MyFirstApp.app */;
			productType = "com.apple.product-type.application";
		};
		7548E9DA2BD0F7A80019843A /* MyFirstAppTests */ = {
			isa = PBXNativeTarget;
			buildConfigurationList = 7548E9F22BD0F7A80019843A /* Build configuration list for PBXNativeTarget "MyFirstAppTests" */;
			buildPhases = (
				7548E9D72BD0F7A80019843A /* Sources */,
				7548E9D82BD0F7A80019843A /* Frameworks */,
				7548E9D92BD0F7A80019843A /* Resources */,
			);
			buildRules = (
			);
			dependencies = (
				7548E9DD2BD0F7A80019843A /* PBXTargetDependency */,
			);
			name = MyFirstAppTests;
			productName = MyFirstAppTests;
			productReference = 7548E9DB2BD0F7A80019843A /* MyFirstAppTests.xctest */;
			productType = "com.apple.product-type.bundle.unit-test";
		};
		7548E9E42BD0F7A80019843A /* MyFirstAppUITests */ = {
			isa = PBXNativeTarget;
			buildConfigurationList = 7548E9F52BD0F7A80019843A /* Build configuration list for PBXNativeTarget "MyFirstAppUITests" */;
			buildPhases = (
				7548E9E12BD0F7A80019843A /* Sources */,
				7548E9E22BD0F7A80019843A /* Frameworks */,
				7548E9E32BD0F7A80019843A /* Resources */,
			);
			buildRules = (
			);
			dependencies = (
				7548E9E72BD0F7A80019843A /* PBXTargetDependency */,
			);
			name = MyFirstAppUITests;
			productName = MyFirstAppUITests;
			productReference = 7548E9E52BD0F7A80019843A /* MyFirstAppUITests.xctest */;
			productType = "com.apple.product-type.bundle.ui-testing";
		};
/* End PBXNativeTarget section */

/* Begin PBXProject section */
		7548E9C32BD0F7A60019843A /* Project object */ = {
			isa = PBXProject;
			attributes = {
				BuildIndependentTargetsInParallel = 1;
				LastSwiftUpdateCheck = 1530;
				LastUpgradeCheck = 1530;
				TargetAttributes = {
					7548E9CA2BD0F7A60019843A = {
						CreatedOnToolsVersion = 15.3;
					};
					7548E9DA2BD0F7A80019843A = {
						CreatedOnToolsVersion = 15.3;
						TestTargetID = 7548E9CA2BD0F7A60019843A;
					};
					7548E9E42BD0F7A80019843A = {
						CreatedOnToolsVersion = 15.3;
						TestTargetID = 7548E9CA2BD0F7A60019843A;
					};
				};
			};
			buildConfigurationList = 7548E9C62BD0F7A60019843A /* Build configuration list for PBXProject "MyFirstApp" */;
			compatibilityVersion = "Xcode 14.0";
			developmentRegion = en;
			hasScannedForEncodings = 0;
			knownRegions = (
				en,
				Base,
			);
			mainGroup = 7548E9C22BD0F7A60019843A;
			productRefGroup = 7548E9CC2BD0F7A60019843A /* Products */;
			projectDirPath = "";
			projectRoot = "";
			targets = (
				7548E9CA2BD0F7A60019843A /* MyFirstApp */,
				7548E9DA2BD0F7A80019843A /* MyFirstAppTests */,
				7548E9E42BD0F7A80019843A /* MyFirstAppUITests */,
			);
		};
/* End PBXProject section */

/* Begin PBXResourcesBuildPhase section */
		7548E9C92BD0F7A60019843A /* Resources */ = {
			isa = PBXResourcesBuildPhase;
			buildActionMask = 2147483647;
			files = (
				7548E9D62BD0F7A80019843A /* Preview Assets.xcassets in Resources */,
				7548E9D32BD0F7A80019843A /* Assets.xcassets in Resources */,
			);
			runOnlyForDeploymentPostprocessing = 0;
		};
		7548E9D92BD0F7A80019843A /* Resources */ = {
			isa = PBXResourcesBuildPhase;
			buildActionMask = 2147483647;
			files = (
			);
			runOnlyForDeploymentPostprocessing = 0;
		};
		7548E9E32BD0F7A80019843A /* Resources */ = {
			isa = PBXResourcesBuildPhase;
			buildActionMask = 2147483647;
			files = (
			);
			runOnlyForDeploymentPostprocessing = 0;
		};
/* End PBXResourcesBuildPhase section */

/* Begin PBXSourcesBuildPhase section */
		7548E9C72BD0F7A60019843A /* Sources */ = {
			isa = PBXSourcesBuildPhase;
			buildActionMask = 2147483647;
			files = (
				7548E9D12BD0F7A60019843A /* ContentView.swift in Sources */,
				7548E9CF2BD0F7A60019843A /* MyFirstAppApp.swift in Sources */,
			);
			runOnlyForDeploymentPostprocessing = 0;
		};
		7548E9D72BD0F7A80019843A /* Sources */ = {
			isa = PBXSourcesBuildPhase;
			buildActionMask = 2147483647;
			files = (
				7548E9E02BD0F7A80019843A /* MyFirstAppTests.swift in Sources */,
			);
			runOnlyForDeploymentPostprocessing = 0;
		};
		7548E9E12BD0F7A80019843A /* Sources */ = {
			isa = PBXSourcesBuildPhase;
			buildActionMask = 2147483647;
			files = (
				7548E9EA2BD0F7A80019843A /* MyFirstAppUITests.swift in Sources */,
				7548E9EC2BD0F7A80019843A /* MyFirstAppUITestsLaunchTests.swift in Sources */,
			);
			runOnlyForDeploymentPostprocessing = 0;
		};
/* End PBXSourcesBuildPhase section */

/* Begin PBXTargetDependency section */
		7548E9DD2BD0F7A80019843A /* PBXTargetDependency */ = {
			isa = PBXTargetDependency;
			target = 7548E9CA2BD0F7A60019843A /* MyFirstApp */;
			targetProxy = 7548E9DC2BD0F7A80019843A /* PBXContainerItemProxy */;
		};
		7548E9E72BD0F7A80019843A /* PBXTargetDependency */ = {
			isa = PBXTargetDependency;
			target = 7548E9CA2BD0F7A60019843A /* MyFirstApp */;
			targetProxy = 7548E9E62BD0F7A80019843A /* PBXContainerItemProxy */;
		};
/* End PBXTargetDependency section */

/* Begin XCBuildConfiguration section */
		7548E9ED2BD0F7A80019843A /* Debug */ = {
			isa = XCBuildConfiguration;
			buildSettings = {
				ALWAYS_SEARCH_USER_PATHS = NO;
				ASSETCATALOG_COMPILER_GENERATE_SWIFT_ASSET_SYMBOL_EXTENSIONS = YES;
				CLANG_ANALYZER_NONNULL = YES;
				CLANG_ANALYZER_NUMBER_OBJECT_CONVERSION = YES_AGGRESSIVE;
				CLANG_CXX_LANGUAGE_STANDARD = "gnu++20";
				CLANG_ENABLE_MODULES = YES;
				CLANG_ENABLE_OBJC_ARC = YES;
				CLANG_ENABLE_OBJC_WEAK = YES;
				CLANG_WARN_BLOCK_CAPTURE_AUTORELEASING = YES;
				CLANG_WARN_BOOL_CONVERSION = YES;
				CLANG_WARN_COMMA = YES;
				CLANG_WARN_CONSTANT_CONVERSION = YES;
				CLANG_WARN_DEPRECATED_OBJC_IMPLEMENTATIONS = YES;
				CLANG_WARN_DIRECT_OBJC_ISA_USAGE = YES_ERROR;
				CLANG_WARN_DOCUMENTATION_COMMENTS = YES;
				CLANG_WARN_EMPTY_BODY = YES;
				CLANG_WARN_ENUM_CONVERSION = YES;
				CLANG_WARN_INFINITE_RECURSION = YES;
				CLANG_WARN_INT_CONVERSION = YES;
				CLANG_WARN_NON_LITERAL_NULL_CONVERSION = YES;
				CLANG_WARN_OBJC_IMPLICIT_RETAIN_SELF = YES;
				CLANG_WARN_OBJC_LITERAL_CONVERSION = YES;
				CLANG_WARN_OBJC_ROOT_CLASS = YES_ERROR;
				CLANG_WARN_QUOTED_INCLUDE_IN_FRAMEWORK_HEADER = YES;
				CLANG_WARN_RANGE_LOOP_ANALYSIS = YES;
				CLANG_WARN_STRICT_PROTOTYPES = YES;
				CLANG_WARN_SUSPICIOUS_MOVE = YES;
				CLANG_WARN_UNGUARDED_AVAILABILITY = YES_AGGRESSIVE;
				CLANG_WARN_UNREACHABLE_CODE = YES;
				CLANG_WARN__DUPLICATE_METHOD_MATCH = YES;
				COPY_PHASE_STRIP = NO;
				DEBUG_INFORMATION_FORMAT = dwarf;
				ENABLE_STRICT_OBJC_MSGSEND = YES;
				ENABLE_TESTABILITY = YES;
				ENABLE_USER_SCRIPT_SANDBOXING = YES;
				GCC_C_LANGUAGE_STANDARD = gnu17;
				GCC_DYNAMIC_NO_PIC = NO;
				GCC_NO_COMMON_BLOCKS = YES;
				GCC_OPTIMIZATION_LEVEL = 0;
				GCC_PREPROCESSOR_DEFINITIONS = (
					"DEBUG=1",
					"$(inherited)",
				);
				GCC_WARN_64_TO_32_BIT_CONVERSION = YES;
				GCC_WARN_ABOUT_RETURN_TYPE = YES_ERROR;
				GCC_WARN_UNDECLARED_SELECTOR = YES;
				GCC_WARN_UNINITIALIZED_AUTOS = YES_AGGRESSIVE;
				GCC_WARN_UNUSED_FUNCTION = YES;
				GCC_WARN_UNUSED_VARIABLE = YES;
				IPHONEOS_DEPLOYMENT_TARGET = 17.4;
				LOCALIZATION_PREFERS_STRING_CATALOGS = YES;
				MTL_ENABLE_DEBUG_INFO = INCLUDE_SOURCE;
				MTL_FAST_MATH = YES;
				ONLY_ACTIVE_ARCH = YES;
				SDKROOT = iphoneos;
				SWIFT_ACTIVE_COMPILATION_CONDITIONS = "DEBUG $(inherited)";
				SWIFT_OPTIMIZATION_LEVEL = "-Onone";
			};
			name = Debug;
		};
		7548E9EE2BD0F7A80019843A /* Release */ = {
			isa = XCBuildConfiguration;
			buildSettings = {
				ALWAYS_SEARCH_USER_PATHS = NO;
				ASSETCATALOG_COMPILER_GENERATE_SWIFT_ASSET_SYMBOL_EXTENSIONS = YES;
				CLANG_ANALYZER_NONNULL = YES;
				CLANG_ANALYZER_NUMBER_OBJECT_CONVERSION = YES_AGGRESSIVE;
				CLANG_CXX_LANGUAGE_STANDARD = "gnu++20";
				CLANG_ENABLE_MODULES = YES;
				CLANG_ENABLE_OBJC_ARC = YES;
				CLANG_ENABLE_OBJC_WEAK = YES;
				CLANG_WARN_BLOCK_CAPTURE_AUTORELEASING = YES;
				CLANG_WARN_BOOL_CONVERSION = YES;
				CLANG_WARN_COMMA = YES;
				CLANG_WARN_CONSTANT_CONVERSION = YES;
				CLANG_WARN_DEPRECATED_OBJC_IMPLEMENTATIONS = YES;
				CLANG_WARN_DIRECT_OBJC_ISA_USAGE = YES_ERROR;
				CLANG_WARN_DOCUMENTATION_COMMENTS = YES;
				CLANG_WARN_EMPTY_BODY = YES;
				CLANG_WARN_ENUM_CONVERSION = YES;
				CLANG_WARN_INFINITE_RECURSION = YES;
				CLANG_WARN_INT_CONVERSION = YES;
				CLANG_WARN_NON_LITERAL_NULL_CONVERSION = YES;
				CLANG_WARN_OBJC_IMPLICIT_RETAIN_SELF = YES;
				CLANG_WARN_OBJC_LITERAL_CONVERSION = YES;
				CLANG_WARN_OBJC_ROOT_CLASS = YES_ERROR;
				CLANG_WARN_QUOTED_INCLUDE_IN_FRAMEWORK_HEADER = YES;
				CLANG_WARN_RANGE_LOOP_ANALYSIS = YES;
				CLANG_WARN_STRICT_PROTOTYPES = YES;
				CLANG_WARN_SUSPICIOUS_MOVE = YES;
				CLANG_WARN_UNGUARDED_AVAILABILITY = YES_AGGRESSIVE;
				CLANG_WARN_UNREACHABLE_CODE = YES;
				CLANG_WARN__DUPLICATE_METHOD_MATCH = YES;
				COPY_PHASE_STRIP = NO;
				DEBUG_INFORMATION_FORMAT = "dwarf-with-dsym";
				ENABLE_NS_ASSERTIONS = NO;
				ENABLE_STRICT_OBJC_MSGSEND = YES;
				ENABLE_USER_SCRIPT_SANDBOXING = YES;
				GCC_C_LANGUAGE_STANDARD = gnu17;
				GCC_NO_COMMON_BLOCKS = YES;
				GCC_WARN_64_TO_32_BIT_CONVERSION = YES;
				GCC_WARN_ABOUT_RETURN_TYPE = YES_ERROR;
				GCC_WARN_UNDECLARED_SELECTOR = YES;
				GCC_WARN_UNINITIALIZED_AUTOS = YES_AGGRESSIVE;
				GCC_WARN_UNUSED_FUNCTION = YES;
				GCC_WARN_UNUSED_VARIABLE = YES;
				IPHONEOS_DEPLOYMENT_TARGET = 17.4;
				LOCALIZATION_PREFERS_STRING_CATALOGS = YES;
				MTL_ENABLE_DEBUG_INFO = NO;
				MTL_FAST_MATH = YES;
				SDKROOT = iphoneos;
				SWIFT_COMPILATION_MODE = wholemodule;
				VALIDATE_PRODUCT = YES;
			};
			name = Release;
		};
		7548E9F02BD0F7A80019843A /* Debug */ = {
			isa = XCBuildConfiguration;
			buildSettings = {
				ASSETCATALOG_COMPILER_APPICON_NAME = AppIcon;
				ASSETCATALOG_COMPILER_GLOBAL_ACCENT_COLOR_NAME = AccentColor;
				CODE_SIGN_STYLE = Automatic;
				CURRENT_PROJECT_VERSION = 1;
				DEVELOPMENT_ASSET_PATHS = "\"MyFirstApp/Preview Content\"";
				DEVELOPMENT_TEAM = RFJWZ2SRV3;
				ENABLE_PREVIEWS = YES;
				GENERATE_INFOPLIST_FILE = YES;
				INFOPLIST_KEY_UIApplicationSceneManifest_Generation = YES;
				INFOPLIST_KEY_UIApplicationSupportsIndirectInputEvents = YES;
				INFOPLIST_KEY_UILaunchScreen_Generation = YES;
				INFOPLIST_KEY_UISupportedInterfaceOrientations_iPad = "UIInterfaceOrientationPortrait UIInterfaceOrientationPortraitUpsideDown UIInterfaceOrientationLandscapeLeft UIInterfaceOrientationLandscapeRight";
				INFOPLIST_KEY_UISupportedInterfaceOrientations_iPhone = "UIInterfaceOrientationPortrait UIInterfaceOrientationLandscapeLeft UIInterfaceOrientationLandscapeRight";
				LD_RUNPATH_SEARCH_PATHS = (
					"$(inherited)",
					"@executable_path/Frameworks",
				);
				MARKETING_VERSION = 1.0;
				PRODUCT_BUNDLE_IDENTIFIER = kwk.MyFirstApp;
				PRODUCT_NAME = "$(TARGET_NAME)";
				SWIFT_EMIT_LOC_STRINGS = YES;
				SWIFT_VERSION = 5.0;
				TARGETED_DEVICE_FAMILY = "1,2";
			};
			name = Debug;
		};
		7548E9F12BD0F7A80019843A /* Release */ = {
			isa = XCBuildConfiguration;
			buildSettings = {
				ASSETCATALOG_COMPILER_APPICON_NAME = AppIcon;
				ASSETCATALOG_COMPILER_GLOBAL_ACCENT_COLOR_NAME = AccentColor;
				CODE_SIGN_STYLE = Automatic;
				CURRENT_PROJECT_VERSION = 1;
				DEVELOPMENT_ASSET_PATHS = "\"MyFirstApp/Preview Content\"";
				DEVELOPMENT_TEAM = RFJWZ2SRV3;
				ENABLE_PREVIEWS = YES;
				GENERATE_INFOPLIST_FILE = YES;
				INFOPLIST_KEY_UIApplicationSceneManifest_Generation = YES;
				INFOPLIST_KEY_UIApplicationSupportsIndirectInputEvents = YES;
				INFOPLIST_KEY_UILaunchScreen_Generation = YES;
				INFOPLIST_KEY_UISupportedInterfaceOrientations_iPad = "UIInterfaceOrientationPortrait UIInterfaceOrientationPortraitUpsideDown UIInterfaceOrientationLandscapeLeft UIInterfaceOrientationLandscapeRight";
				INFOPLIST_KEY_UISupportedInterfaceOrientations_iPhone = "UIInterfaceOrientationPortrait UIInterfaceOrientationLandscapeLeft UIInterfaceOrientationLandscapeRight";
				LD_RUNPATH_SEARCH_PATHS = (
					"$(inherited)",
					"@executable_path/Frameworks",
				);
				MARKETING_VERSION = 1.0;
				PRODUCT_BUNDLE_IDENTIFIER = kwk.MyFirstApp;
				PRODUCT_NAME = "$(TARGET_NAME)";
				SWIFT_EMIT_LOC_STRINGS = YES;
				SWIFT_VERSION = 5.0;
				TARGETED_DEVICE_FAMILY = "1,2";
			};
			name = Release;
		};
		7548E9F32BD0F7A80019843A /* Debug */ = {
			isa = XCBuildConfiguration;
			buildSettings = {
				ALWAYS_EMBED_SWIFT_STANDARD_LIBRARIES = YES;
				BUNDLE_LOADER = "$(TEST_HOST)";
				CODE_SIGN_STYLE = Automatic;
				CURRENT_PROJECT_VERSION = 1;
				DEVELOPMENT_TEAM = RFJWZ2SRV3;
				GENERATE_INFOPLIST_FILE = YES;
				IPHONEOS_DEPLOYMENT_TARGET = 17.4;
				MARKETING_VERSION = 1.0;
				PRODUCT_BUNDLE_IDENTIFIER = kwk.MyFirstAppTests;
				PRODUCT_NAME = "$(TARGET_NAME)";
				SWIFT_EMIT_LOC_STRINGS = NO;
				SWIFT_VERSION = 5.0;
				TARGETED_DEVICE_FAMILY = "1,2";
				TEST_HOST = "$(BUILT_PRODUCTS_DIR)/MyFirstApp.app/$(BUNDLE_EXECUTABLE_FOLDER_PATH)/MyFirstApp";
			};
			name = Debug;
		};
		7548E9F42BD0F7A80019843A /* Release */ = {
			isa = XCBuildConfiguration;
			buildSettings = {
				ALWAYS_EMBED_SWIFT_STANDARD_LIBRARIES = YES;
				BUNDLE_LOADER = "$(TEST_HOST)";
				CODE_SIGN_STYLE = Automatic;
				CURRENT_PROJECT_VERSION = 1;
				DEVELOPMENT_TEAM = RFJWZ2SRV3;
				GENERATE_INFOPLIST_FILE = YES;
				IPHONEOS_DEPLOYMENT_TARGET = 17.4;
				MARKETING_VERSION = 1.0;
				PRODUCT_BUNDLE_IDENTIFIER = kwk.MyFirstAppTests;
				PRODUCT_NAME = "$(TARGET_NAME)";
				SWIFT_EMIT_LOC_STRINGS = NO;
				SWIFT_VERSION = 5.0;
				TARGETED_DEVICE_FAMILY = "1,2";
				TEST_HOST = "$(BUILT_PRODUCTS_DIR)/MyFirstApp.app/$(BUNDLE_EXECUTABLE_FOLDER_PATH)/MyFirstApp";
			};
			name = Release;
		};
		7548E9F62BD0F7A80019843A /* Debug */ = {
			isa = XCBuildConfiguration;
			buildSettings = {
				ALWAYS_EMBED_SWIFT_STANDARD_LIBRARIES = YES;
				CODE_SIGN_STYLE = Automatic;
				CURRENT_PROJECT_VERSION = 1;
				DEVELOPMENT_TEAM = RFJWZ2SRV3;
				GENERATE_INFOPLIST_FILE = YES;
				MARKETING_VERSION = 1.0;
				PRODUCT_BUNDLE_IDENTIFIER = kwk.MyFirstAppUITests;
				PRODUCT_NAME = "$(TARGET_NAME)";
				SWIFT_EMIT_LOC_STRINGS = NO;
				SWIFT_VERSION = 5.0;
				TARGETED_DEVICE_FAMILY = "1,2";
				TEST_TARGET_NAME = MyFirstApp;
			};
			name = Debug;
		};
		7548E9F72BD0F7A80019843A /* Release */ = {
			isa = XCBuildConfiguration;
			buildSettings = {
				ALWAYS_EMBED_SWIFT_STANDARD_LIBRARIES = YES;
				CODE_SIGN_STYLE = Automatic;
				CURRENT_PROJECT_VERSION = 1;
				DEVELOPMENT_TEAM = RFJWZ2SRV3;
				GENERATE_INFOPLIST_FILE = YES;
				MARKETING_VERSION = 1.0;
				PRODUCT_BUNDLE_IDENTIFIER = kwk.MyFirstAppUITests;
				PRODUCT_NAME = "$(TARGET_NAME)";
				SWIFT_EMIT_LOC_STRINGS = NO;
				SWIFT_VERSION = 5.0;
				TARGETED_DEVICE_FAMILY = "1,2";
				TEST_TARGET_NAME = MyFirstApp;
			};
			name = Release;
		};
/* End XCBuildConfiguration section */

/* Begin XCConfigurationList section */
		7548E9C62BD0F7A60019843A /* Build configuration list for PBXProject "MyFirstApp" */ = {
			isa = XCConfigurationList;
			buildConfigurations = (
				7548E9ED2BD0F7A80019843A /* Debug */,
				7548E9EE2BD0F7A80019843A /* Release */,
			);
			defaultConfigurationIsVisible = 0;
			defaultConfigurationName = Release;
		};
		7548E9EF2BD0F7A80019843A /* Build configuration list for PBXNativeTarget "MyFirstApp" */ = {
			isa = XCConfigurationList;
			buildConfigurations = (
				7548E9F02BD0F7A80019843A /* Debug */,
				7548E9F12BD0F7A80019843A /* Release */,
			);
			defaultConfigurationIsVisible = 0;
			defaultConfigurationName = Release;
		};
		7548E9F22BD0F7A80019843A /* Build configuration list for PBXNativeTarget "MyFirstAppTests" */ = {
			isa = XCConfigurationList;
			buildConfigurations = (
				7548E9F32BD0F7A80019843A /* Debug */,
				7548E9F42BD0F7A80019843A /* Release */,
			);
			defaultConfigurationIsVisible = 0;
			defaultConfigurationName = Release;
		};
		7548E9F52BD0F7A80019843A /* Build configuration list for PBXNativeTarget "MyFirstAppUITests" */ = {
			isa = XCConfigurationList;
			buildConfigurations = (
				7548E9F62BD0F7A80019843A /* Debug */,
				7548E9F72BD0F7A80019843A /* Release */,
			);
			defaultConfigurationIsVisible = 0;
			defaultConfigurationName = Release;
		};
/* End XCConfigurationList section */
	};
	rootObject = 7548E9C32BD0F7A60019843A /* Project object */;
}
